
Microsoft Visual Studio Solution File, Format Version 12.00
# Visual Studio 2013
VisualStudioVersion = 12.0.40629.0
MinimumVisualStudioVersion = 10.0.40219.1
Project("{FAE04EC0-301F-11D3-BF4B-00C04F79EFBC}") = "ita-chsharp-training", "ita-chsharp-training.csproj", "{1FD5B032-213B-4EE8-848C-82A000E39F50}"
EndProject
Project("{FAE04EC0-301F-11D3-BF4B-00C04F79EFBC}") = "ite-chsharp-training-tests", "ite-chsharp-training-tests\ite-chsharp-training-tests.csproj", "{675A4B53-F45C-4ADB-A8AD-A48D9C5E483E}"
EndProject
Global
	GlobalSection(SolutionConfigurationPlatforms) = preSolution
		Debug|Any CPU = Debug|Any CPU
		Release|Any CPU = Release|Any CPU
	EndGlobalSection
	GlobalSection(ProjectConfigurationPlatforms) = postSolution
		{1FD5B032-213B-4EE8-848C-82A000E39F50}.Debug|Any CPU.ActiveCfg = Debug|Any CPU
		{1FD5B032-213B-4EE8-848C-82A000E39F50}.Debug|Any CPU.Build.0 = Debug|Any CPU
		{1FD5B032-213B-4EE8-848C-82A000E39F50}.Release|Any CPU.ActiveCfg = Release|Any CPU
		{1FD5B032-213B-4EE8-848C-82A000E39F50}.Release|Any CPU.Build.0 = Release|Any CPU
		{675A4B53-F45C-4ADB-A8AD-A48D9C5E483E}.Debug|Any CPU.ActiveCfg = Debug|Any CPU
		{675A4B53-F45C-4ADB-A8AD-A48D9C5E483E}.Debug|Any CPU.Build.0 = Debug|Any CPU
		{675A4B53-F45C-4ADB-A8AD-A48D9C5E483E}.Release|Any CPU.ActiveCfg = Release|Any CPU
		{675A4B53-F45C-4ADB-A8AD-A48D9C5E483E}.Release|Any CPU.Build.0 = Release|Any CPU
	EndGlobalSection
	GlobalSection(SolutionProperties) = preSolution
		HideSolutionNode = FALSE
	EndGlobalSection
EndGlobal
